// !$*UTF8*$!
{
	archiveVersion = 1;
	classes = {
	};
	objectVersion = 56;
	objects = {

/* Begin PBXBuildFile section */
		0EC6AA29298F527B007AF204 /* AppDelegate.swift in Sources */ = {isa = PBXBuildFile; fileRef = 0EC6AA28298F527B007AF204 /* AppDelegate.swift */; };
		0EC6AA2B298F527B007AF204 /* SceneDelegate.swift in Sources */ = {isa = PBXBuildFile; fileRef = 0EC6AA2A298F527B007AF204 /* SceneDelegate.swift */; };
		0EC6AA2D298F527B007AF204 /* ViewController.swift in Sources */ = {isa = PBXBuildFile; fileRef = 0EC6AA2C298F527B007AF204 /* ViewController.swift */; };
		0EC6AA30298F527B007AF204 /* Main.storyboard in Resources */ = {isa = PBXBuildFile; fileRef = 0EC6AA2E298F527B007AF204 /* Main.storyboard */; };
		0EC6AA32298F527E007AF204 /* Assets.xcassets in Resources */ = {isa = PBXBuildFile; fileRef = 0EC6AA31298F527E007AF204 /* Assets.xcassets */; };
		0EC6AA35298F527E007AF204 /* LaunchScreen.storyboard in Resources */ = {isa = PBXBuildFile; fileRef = 0EC6AA33298F527E007AF204 /* LaunchScreen.storyboard */; };
		0EC6AA40298F527F007AF204 /* Project_1Tests.swift in Sources */ = {isa = PBXBuildFile; fileRef = 0EC6AA3F298F527F007AF204 /* Project_1Tests.swift */; };
		0EC6AA4A298F527F007AF204 /* Project_1UITests.swift in Sources */ = {isa = PBXBuildFile; fileRef = 0EC6AA49298F527F007AF204 /* Project_1UITests.swift */; };
		0EC6AA4C298F527F007AF204 /* Project_1UITestsLaunchTests.swift in Sources */ = {isa = PBXBuildFile; fileRef = 0EC6AA4B298F527F007AF204 /* Project_1UITestsLaunchTests.swift */; };
		0EC6AAA429900025007AF204 /* SpeedyGozo.jpeg in Resources */ = {isa = PBXBuildFile; fileRef = 0EC6AAA329900025007AF204 /* SpeedyGozo.jpeg */; };
		0EC6AAA7299001B7007AF204 /* FromViewController.swift in Sources */ = {isa = PBXBuildFile; fileRef = 0EC6AAA5299001B1007AF204 /* FromViewController.swift */; };
		0EC6AAAA29900547007AF204 /* FastViewController.swift in Sources */ = {isa = PBXBuildFile; fileRef = 0EC6AAA82990052C007AF204 /* FastViewController.swift */; };
		0EC6AAB029900B96007AF204 /* SnackViewController.swift in Sources */ = {isa = PBXBuildFile; fileRef = 0EC6AAAE29900B8F007AF204 /* SnackViewController.swift */; };
/* End PBXBuildFile section */

/* Begin PBXContainerItemProxy section */
		0EC6AA3C298F527F007AF204 /* PBXContainerItemProxy */ = {
			isa = PBXContainerItemProxy;
			containerPortal = 0EC6AA1D298F527B007AF204 /* Project object */;
			proxyType = 1;
			remoteGlobalIDString = 0EC6AA24298F527B007AF204;
			remoteInfo = "Project 1";
		};
		0EC6AA46298F527F007AF204 /* PBXContainerItemProxy */ = {
			isa = PBXContainerItemProxy;
			containerPortal = 0EC6AA1D298F527B007AF204 /* Project object */;
			proxyType = 1;
			remoteGlobalIDString = 0EC6AA24298F527B007AF204;
			remoteInfo = "Project 1";
		};
/* End PBXContainerItemProxy section */

/* Begin PBXFileReference section */
		0EC6AA25298F527B007AF204 /* Project 1.app */ = {isa = PBXFileReference; explicitFileType = wrapper.application; includeInIndex = 0; path = "Project 1.app"; sourceTree = BUILT_PRODUCTS_DIR; };
		0EC6AA28298F527B007AF204 /* AppDelegate.swift */ = {isa = PBXFileReference; lastKnownFileType = sourcecode.swift; path = AppDelegate.swift; sourceTree = "<group>"; };
		0EC6AA2A298F527B007AF204 /* SceneDelegate.swift */ = {isa = PBXFileReference; lastKnownFileType = sourcecode.swift; path = SceneDelegate.swift; sourceTree = "<group>"; };
		0EC6AA2C298F527B007AF204 /* ViewController.swift */ = {isa = PBXFileReference; lastKnownFileType = sourcecode.swift; path = ViewController.swift; sourceTree = "<group>"; };
		0EC6AA2F298F527B007AF204 /* Base */ = {isa = PBXFileReference; lastKnownFileType = file.storyboard; name = Base; path = Base.lproj/Main.storyboard; sourceTree = "<group>"; };
		0EC6AA31298F527E007AF204 /* Assets.xcassets */ = {isa = PBXFileReference; lastKnownFileType = folder.assetcatalog; path = Assets.xcassets; sourceTree = "<group>"; };
		0EC6AA34298F527E007AF204 /* Base */ = {isa = PBXFileReference; lastKnownFileType = file.storyboard; name = Base; path = Base.lproj/LaunchScreen.storyboard; sourceTree = "<group>"; };
		0EC6AA36298F527E007AF204 /* Info.plist */ = {isa = PBXFileReference; lastKnownFileType = text.plist.xml; path = Info.plist; sourceTree = "<group>"; };
		0EC6AA3B298F527F007AF204 /* Project 1Tests.xctest */ = {isa = PBXFileReference; explicitFileType = wrapper.cfbundle; includeInIndex = 0; path = "Project 1Tests.xctest"; sourceTree = BUILT_PRODUCTS_DIR; };
		0EC6AA3F298F527F007AF204 /* Project_1Tests.swift */ = {isa = PBXFileReference; lastKnownFileType = sourcecode.swift; path = Project_1Tests.swift; sourceTree = "<group>"; };
		0EC6AA45298F527F007AF204 /* Project 1UITests.xctest */ = {isa = PBXFileReference; explicitFileType = wrapper.cfbundle; includeInIndex = 0; path = "Project 1UITests.xctest"; sourceTree = BUILT_PRODUCTS_DIR; };
		0EC6AA49298F527F007AF204 /* Project_1UITests.swift */ = {isa = PBXFileReference; lastKnownFileType = sourcecode.swift; path = Project_1UITests.swift; sourceTree = "<group>"; };
		0EC6AA4B298F527F007AF204 /* Project_1UITestsLaunchTests.swift */ = {isa = PBXFileReference; lastKnownFileType = sourcecode.swift; path = Project_1UITestsLaunchTests.swift; sourceTree = "<group>"; };
		0EC6AAA329900025007AF204 /* SpeedyGozo.jpeg */ = {isa = PBXFileReference; lastKnownFileType = image.jpeg; name = SpeedyGozo.jpeg; path = ../../../Downloads/SpeedyGozo.jpeg; sourceTree = "<group>"; };
		0EC6AAA5299001B1007AF204 /* FromViewController.swift */ = {isa = PBXFileReference; lastKnownFileType = sourcecode.swift; path = FromViewController.swift; sourceTree = "<group>"; };
		0EC6AAA82990052C007AF204 /* FastViewController.swift */ = {isa = PBXFileReference; lastKnownFileType = sourcecode.swift; path = FastViewController.swift; sourceTree = "<group>"; };
		0EC6AAAE29900B8F007AF204 /* SnackViewController.swift */ = {isa = PBXFileReference; lastKnownFileType = sourcecode.swift; path = SnackViewController.swift; sourceTree = "<group>"; };
/* End PBXFileReference section */

/* Begin PBXFrameworksBuildPhase section */
		0EC6AA22298F527B007AF204 /* Frameworks */ = {
			isa = PBXFrameworksBuildPhase;
			buildActionMask = 2147483647;
			files = (
			);
			runOnlyForDeploymentPostprocessing = 0;
		};
		0EC6AA38298F527F007AF204 /* Frameworks */ = {
			isa = PBXFrameworksBuildPhase;
			buildActionMask = 2147483647;
			files = (
			);
			runOnlyForDeploymentPostprocessing = 0;
		};
		0EC6AA42298F527F007AF204 /* Frameworks */ = {
			isa = PBXFrameworksBuildPhase;
			buildActionMask = 2147483647;
			files = (
			);
			runOnlyForDeploymentPostprocessing = 0;
		};
/* End PBXFrameworksBuildPhase section */

/* Begin PBXGroup section */
		0EC6AA1C298F527B007AF204 = {
			isa = PBXGroup;
			children = (
				0EC6AA27298F527B007AF204 /* Project 1 */,
				0EC6AA3E298F527F007AF204 /* Project 1Tests */,
				0EC6AA48298F527F007AF204 /* Project 1UITests */,
				0EC6AA26298F527B007AF204 /* Products */,
			);
			sourceTree = "<group>";
		};
		0EC6AA26298F527B007AF204 /* Products */ = {
			isa = PBXGroup;
			children = (
				0EC6AA25298F527B007AF204 /* Project 1.app */,
				0EC6AA3B298F527F007AF204 /* Project 1Tests.xctest */,
				0EC6AA45298F527F007AF204 /* Project 1UITests.xctest */,
			);
			name = Products;
			sourceTree = "<group>";
		};
		0EC6AA27298F527B007AF204 /* Project 1 */ = {
			isa = PBXGroup;
			children = (
				0EC6AA28298F527B007AF204 /* AppDelegate.swift */,
				0EC6AA2A298F527B007AF204 /* SceneDelegate.swift */,
				0EC6AA2C298F527B007AF204 /* ViewController.swift */,
				0EC6AAA5299001B1007AF204 /* FromViewController.swift */,
				0EC6AAA82990052C007AF204 /* FastViewController.swift */,
				0EC6AAAE29900B8F007AF204 /* SnackViewController.swift */,
				0EC6AA2E298F527B007AF204 /* Main.storyboard */,
				0EC6AA31298F527E007AF204 /* Assets.xcassets */,
				0EC6AA33298F527E007AF204 /* LaunchScreen.storyboard */,
				0EC6AA36298F527E007AF204 /* Info.plist */,
			);
			path = "Project 1";
			sourceTree = "<group>";
		};
		0EC6AA3E298F527F007AF204 /* Project 1Tests */ = {
			isa = PBXGroup;
			children = (
				0EC6AA3F298F527F007AF204 /* Project_1Tests.swift */,
			);
			path = "Project 1Tests";
			sourceTree = "<group>";
		};
		0EC6AA48298F527F007AF204 /* Project 1UITests */ = {
			isa = PBXGroup;
			children = (
				0EC6AA49298F527F007AF204 /* Project_1UITests.swift */,
				0EC6AA4B298F527F007AF204 /* Project_1UITestsLaunchTests.swift */,
				0EC6AAA329900025007AF204 /* SpeedyGozo.jpeg */,
			);
			path = "Project 1UITests";
			sourceTree = "<group>";
		};
/* End PBXGroup section */

/* Begin PBXNativeTarget section */
		0EC6AA24298F527B007AF204 /* Project 1 */ = {
			isa = PBXNativeTarget;
			buildConfigurationList = 0EC6AA4F298F527F007AF204 /* Build configuration list for PBXNativeTarget "Project 1" */;
			buildPhases = (
				0EC6AA21298F527B007AF204 /* Sources */,
				0EC6AA22298F527B007AF204 /* Frameworks */,
				0EC6AA23298F527B007AF204 /* Resources */,
			);
			buildRules = (
			);
			dependencies = (
			);
			name = "Project 1";
			productName = "Project 1";
			productReference = 0EC6AA25298F527B007AF204 /* Project 1.app */;
			productType = "com.apple.product-type.application";
		};
		0EC6AA3A298F527F007AF204 /* Project 1Tests */ = {
			isa = PBXNativeTarget;
			buildConfigurationList = 0EC6AA52298F527F007AF204 /* Build configuration list for PBXNativeTarget "Project 1Tests" */;
			buildPhases = (
				0EC6AA37298F527F007AF204 /* Sources */,
				0EC6AA38298F527F007AF204 /* Frameworks */,
				0EC6AA39298F527F007AF204 /* Resources */,
			);
			buildRules = (
			);
			dependencies = (
				0EC6AA3D298F527F007AF204 /* PBXTargetDependency */,
			);
			name = "Project 1Tests";
			productName = "Project 1Tests";
			productReference = 0EC6AA3B298F527F007AF204 /* Project 1Tests.xctest */;
			productType = "com.apple.product-type.bundle.unit-test";
		};
		0EC6AA44298F527F007AF204 /* Project 1UITests */ = {
			isa = PBXNativeTarget;
			buildConfigurationList = 0EC6AA55298F527F007AF204 /* Build configuration list for PBXNativeTarget "Project 1UITests" */;
			buildPhases = (
				0EC6AA41298F527F007AF204 /* Sources */,
				0EC6AA42298F527F007AF204 /* Frameworks */,
				0EC6AA43298F527F007AF204 /* Resources */,
			);
			buildRules = (
			);
			dependencies = (
				0EC6AA47298F527F007AF204 /* PBXTargetDependency */,
			);
			name = "Project 1UITests";
			productName = "Project 1UITests";
			productReference = 0EC6AA45298F527F007AF204 /* Project 1UITests.xctest */;
			productType = "com.apple.product-type.bundle.ui-testing";
		};
/* End PBXNativeTarget section */

/* Begin PBXProject section */
		0EC6AA1D298F527B007AF204 /* Project object */ = {
			isa = PBXProject;
			attributes = {
				BuildIndependentTargetsInParallel = 1;
				LastSwiftUpdateCheck = 1420;
				LastUpgradeCheck = 1420;
				TargetAttributes = {
					0EC6AA24298F527B007AF204 = {
						CreatedOnToolsVersion = 14.2;
					};
					0EC6AA3A298F527F007AF204 = {
						CreatedOnToolsVersion = 14.2;
						TestTargetID = 0EC6AA24298F527B007AF204;
					};
					0EC6AA44298F527F007AF204 = {
						CreatedOnToolsVersion = 14.2;
						TestTargetID = 0EC6AA24298F527B007AF204;
					};
				};
			};
			buildConfigurationList = 0EC6AA20298F527B007AF204 /* Build configuration list for PBXProject "Project 1" */;
			compatibilityVersion = "Xcode 14.0";
			developmentRegion = en;
			hasScannedForEncodings = 0;
			knownRegions = (
				en,
				Base,
			);
			mainGroup = 0EC6AA1C298F527B007AF204;
			productRefGroup = 0EC6AA26298F527B007AF204 /* Products */;
			projectDirPath = "";
			projectRoot = "";
			targets = (
				0EC6AA24298F527B007AF204 /* Project 1 */,
				0EC6AA3A298F527F007AF204 /* Project 1Tests */,
				0EC6AA44298F527F007AF204 /* Project 1UITests */,
			);
		};
/* End PBXProject section */

/* Begin PBXResourcesBuildPhase section */
		0EC6AA23298F527B007AF204 /* Resources */ = {
			isa = PBXResourcesBuildPhase;
			buildActionMask = 2147483647;
			files = (
				0EC6AA35298F527E007AF204 /* LaunchScreen.storyboard in Resources */,
				0EC6AA32298F527E007AF204 /* Assets.xcassets in Resources */,
				0EC6AA30298F527B007AF204 /* Main.storyboard in Resources */,
			);
			runOnlyForDeploymentPostprocessing = 0;
		};
		0EC6AA39298F527F007AF204 /* Resources */ = {
			isa = PBXResourcesBuildPhase;
			buildActionMask = 2147483647;
			files = (
			);
			runOnlyForDeploymentPostprocessing = 0;
		};
		0EC6AA43298F527F007AF204 /* Resources */ = {
			isa = PBXResourcesBuildPhase;
			buildActionMask = 2147483647;
			files = (
				0EC6AAA429900025007AF204 /* SpeedyGozo.jpeg in Resources */,
			);
			runOnlyForDeploymentPostprocessing = 0;
		};
/* End PBXResourcesBuildPhase section */

/* Begin PBXSourcesBuildPhase section */
		0EC6AA21298F527B007AF204 /* Sources */ = {
			isa = PBXSourcesBuildPhase;
			buildActionMask = 2147483647;
			files = (
				0EC6AA2D298F527B007AF204 /* ViewController.swift in Sources */,
				0EC6AAAA29900547007AF204 /* FastViewController.swift in Sources */,
				0EC6AA29298F527B007AF204 /* AppDelegate.swift in Sources */,
				0EC6AAA7299001B7007AF204 /* FromViewController.swift in Sources */,
				0EC6AA2B298F527B007AF204 /* SceneDelegate.swift in Sources */,
				0EC6AAB029900B96007AF204 /* SnackViewController.swift in Sources */,
			);
			runOnlyForDeploymentPostprocessing = 0;
		};
		0EC6AA37298F527F007AF204 /* Sources */ = {
			isa = PBXSourcesBuildPhase;
			buildActionMask = 2147483647;
			files = (
				0EC6AA40298F527F007AF204 /* Project_1Tests.swift in Sources */,
			);
			runOnlyForDeploymentPostprocessing = 0;
		};
		0EC6AA41298F527F007AF204 /* Sources */ = {
			isa = PBXSourcesBuildPhase;
			buildActionMask = 2147483647;
			files = (
				0EC6AA4C298F527F007AF204 /* Project_1UITestsLaunchTests.swift in Sources */,
				0EC6AA4A298F527F007AF204 /* Project_1UITests.swift in Sources */,
			);
			runOnlyForDeploymentPostprocessing = 0;
		};
/* End PBXSourcesBuildPhase section */

/* Begin PBXTargetDependency section */
		0EC6AA3D298F527F007AF204 /* PBXTargetDependency */ = {
			isa = PBXTargetDependency;
			target = 0EC6AA24298F527B007AF204 /* Project 1 */;
			targetProxy = 0EC6AA3C298F527F007AF204 /* PBXContainerItemProxy */;
		};
		0EC6AA47298F527F007AF204 /* PBXTargetDependency */ = {
			isa = PBXTargetDependency;
			target = 0EC6AA24298F527B007AF204 /* Project 1 */;
			targetProxy = 0EC6AA46298F527F007AF204 /* PBXContainerItemProxy */;
		};
/* End PBXTargetDependency section */

/* Begin PBXVariantGroup section */
		0EC6AA2E298F527B007AF204 /* Main.storyboard */ = {
			isa = PBXVariantGroup;
			children = (
				0EC6AA2F298F527B007AF204 /* Base */,
			);
			name = Main.storyboard;
			sourceTree = "<group>";
		};
		0EC6AA33298F527E007AF204 /* LaunchScreen.storyboard */ = {
			isa = PBXVariantGroup;
			children = (
				0EC6AA34298F527E007AF204 /* Base */,
			);
			name = LaunchScreen.storyboard;
			sourceTree = "<group>";
		};
/* End PBXVariantGroup section */

/* Begin XCBuildConfiguration section */
		0EC6AA4D298F527F007AF204 /* Debug */ = {
			isa = XCBuildConfiguration;
			buildSettings = {
				ALWAYS_SEARCH_USER_PATHS = NO;
				CLANG_ANALYZER_NONNULL = YES;
				CLANG_ANALYZER_NUMBER_OBJECT_CONVERSION = YES_AGGRESSIVE;
				CLANG_CXX_LANGUAGE_STANDARD = "gnu++20";
				CLANG_ENABLE_MODULES = YES;
				CLANG_ENABLE_OBJC_ARC = YES;
				CLANG_ENABLE_OBJC_WEAK = YES;
				CLANG_WARN_BLOCK_CAPTURE_AUTORELEASING = YES;
				CLANG_WARN_BOOL_CONVERSION = YES;
				CLANG_WARN_COMMA = YES;
				CLANG_WARN_CONSTANT_CONVERSION = YES;
				CLANG_WARN_DEPRECATED_OBJC_IMPLEMENTATIONS = YES;
				CLANG_WARN_DIRECT_OBJC_ISA_USAGE = YES_ERROR;
				CLANG_WARN_DOCUMENTATION_COMMENTS = YES;
				CLANG_WARN_EMPTY_BODY = YES;
				CLANG_WARN_ENUM_CONVERSION = YES;
				CLANG_WARN_INFINITE_RECURSION = YES;
				CLANG_WARN_INT_CONVERSION = YES;
				CLANG_WARN_NON_LITERAL_NULL_CONVERSION = YES;
				CLANG_WARN_OBJC_IMPLICIT_RETAIN_SELF = YES;
				CLANG_WARN_OBJC_LITERAL_CONVERSION = YES;
				CLANG_WARN_OBJC_ROOT_CLASS = YES_ERROR;
				CLANG_WARN_QUOTED_INCLUDE_IN_FRAMEWORK_HEADER = YES;
				CLANG_WARN_RANGE_LOOP_ANALYSIS = YES;
				CLANG_WARN_STRICT_PROTOTYPES = YES;
				CLANG_WARN_SUSPICIOUS_MOVE = YES;
				CLANG_WARN_UNGUARDED_AVAILABILITY = YES_AGGRESSIVE;
				CLANG_WARN_UNREACHABLE_CODE = YES;
				CLANG_WARN__DUPLICATE_METHOD_MATCH = YES;
				COPY_PHASE_STRIP = NO;
				DEBUG_INFORMATION_FORMAT = dwarf;
				ENABLE_STRICT_OBJC_MSGSEND = YES;
				ENABLE_TESTABILITY = YES;
				GCC_C_LANGUAGE_STANDARD = gnu11;
				GCC_DYNAMIC_NO_PIC = NO;
				GCC_NO_COMMON_BLOCKS = YES;
				GCC_OPTIMIZATION_LEVEL = 0;
				GCC_PREPROCESSOR_DEFINITIONS = (
					"DEBUG=1",
					"$(inherited)",
				);
				GCC_WARN_64_TO_32_BIT_CONVERSION = YES;
				GCC_WARN_ABOUT_RETURN_TYPE = YES_ERROR;
				GCC_WARN_UNDECLARED_SELECTOR = YES;
				GCC_WARN_UNINITIALIZED_AUTOS = YES_AGGRESSIVE;
				GCC_WARN_UNUSED_FUNCTION = YES;
				GCC_WARN_UNUSED_VARIABLE = YES;
				IPHONEOS_DEPLOYMENT_TARGET = 16.2;
				MTL_ENABLE_DEBUG_INFO = INCLUDE_SOURCE;
				MTL_FAST_MATH = YES;
				ONLY_ACTIVE_ARCH = YES;
				SDKROOT = iphoneos;
				SWIFT_ACTIVE_COMPILATION_CONDITIONS = DEBUG;
				SWIFT_OPTIMIZATION_LEVEL = "-Onone";
			};
			name = Debug;
		};
		0EC6AA4E298F527F007AF204 /* Release */ = {
			isa = XCBuildConfiguration;
			buildSettings = {
				ALWAYS_SEARCH_USER_PATHS = NO;
				CLANG_ANALYZER_NONNULL = YES;
				CLANG_ANALYZER_NUMBER_OBJECT_CONVERSION = YES_AGGRESSIVE;
				CLANG_CXX_LANGUAGE_STANDARD = "gnu++20";
				CLANG_ENABLE_MODULES = YES;
				CLANG_ENABLE_OBJC_ARC = YES;
				CLANG_ENABLE_OBJC_WEAK = YES;
				CLANG_WARN_BLOCK_CAPTURE_AUTORELEASING = YES;
				CLANG_WARN_BOOL_CONVERSION = YES;
				CLANG_WARN_COMMA = YES;
				CLANG_WARN_CONSTANT_CONVERSION = YES;
				CLANG_WARN_DEPRECATED_OBJC_IMPLEMENTATIONS = YES;
				CLANG_WARN_DIRECT_OBJC_ISA_USAGE = YES_ERROR;
				CLANG_WARN_DOCUMENTATION_COMMENTS = YES;
				CLANG_WARN_EMPTY_BODY = YES;
				CLANG_WARN_ENUM_CONVERSION = YES;
				CLANG_WARN_INFINITE_RECURSION = YES;
				CLANG_WARN_INT_CONVERSION = YES;
				CLANG_WARN_NON_LITERAL_NULL_CONVERSION = YES;
				CLANG_WARN_OBJC_IMPLICIT_RETAIN_SELF = YES;
				CLANG_WARN_OBJC_LITERAL_CONVERSION = YES;
				CLANG_WARN_OBJC_ROOT_CLASS = YES_ERROR;
				CLANG_WARN_QUOTED_INCLUDE_IN_FRAMEWORK_HEADER = YES;
				CLANG_WARN_RANGE_LOOP_ANALYSIS = YES;
				CLANG_WARN_STRICT_PROTOTYPES = YES;
				CLANG_WARN_SUSPICIOUS_MOVE = YES;
				CLANG_WARN_UNGUARDED_AVAILABILITY = YES_AGGRESSIVE;
				CLANG_WARN_UNREACHABLE_CODE = YES;
				CLANG_WARN__DUPLICATE_METHOD_MATCH = YES;
				COPY_PHASE_STRIP = NO;
				DEBUG_INFORMATION_FORMAT = "dwarf-with-dsym";
				ENABLE_NS_ASSERTIONS = NO;
				ENABLE_STRICT_OBJC_MSGSEND = YES;
				GCC_C_LANGUAGE_STANDARD = gnu11;
				GCC_NO_COMMON_BLOCKS = YES;
				GCC_WARN_64_TO_32_BIT_CONVERSION = YES;
				GCC_WARN_ABOUT_RETURN_TYPE = YES_ERROR;
				GCC_WARN_UNDECLARED_SELECTOR = YES;
				GCC_WARN_UNINITIALIZED_AUTOS = YES_AGGRESSIVE;
				GCC_WARN_UNUSED_FUNCTION = YES;
				GCC_WARN_UNUSED_VARIABLE = YES;
				IPHONEOS_DEPLOYMENT_TARGET = 16.2;
				MTL_ENABLE_DEBUG_INFO = NO;
				MTL_FAST_MATH = YES;
				SDKROOT = iphoneos;
				SWIFT_COMPILATION_MODE = wholemodule;
				SWIFT_OPTIMIZATION_LEVEL = "-O";
				VALIDATE_PRODUCT = YES;
			};
			name = Release;
		};
		0EC6AA50298F527F007AF204 /* Debug */ = {
			isa = XCBuildConfiguration;
			buildSettings = {
				ASSETCATALOG_COMPILER_APPICON_NAME = AppIcon;
				ASSETCATALOG_COMPILER_GLOBAL_ACCENT_COLOR_NAME = AccentColor;
				CODE_SIGN_STYLE = Automatic;
				CURRENT_PROJECT_VERSION = 1;
				GENERATE_INFOPLIST_FILE = YES;
				INFOPLIST_FILE = "Project 1/Info.plist";
				INFOPLIST_KEY_UIApplicationSupportsIndirectInputEvents = YES;
				INFOPLIST_KEY_UILaunchStoryboardName = LaunchScreen;
				INFOPLIST_KEY_UIMainStoryboardFile = Main;
				INFOPLIST_KEY_UISupportedInterfaceOrientations_iPad = "UIInterfaceOrientationPortrait UIInterfaceOrientationPortraitUpsideDown UIInterfaceOrientationLandscapeLeft UIInterfaceOrientationLandscapeRight";
				INFOPLIST_KEY_UISupportedInterfaceOrientations_iPhone = "UIInterfaceOrientationPortrait UIInterfaceOrientationLandscapeLeft UIInterfaceOrientationLandscapeRight";
				LD_RUNPATH_SEARCH_PATHS = (
					"$(inherited)",
					"@executable_path/Frameworks",
				);
				MARKETING_VERSION = 1.0;
				PRODUCT_BUNDLE_IDENTIFIER = "Projects.Project-1";
				PRODUCT_NAME = "$(TARGET_NAME)";
				SWIFT_EMIT_LOC_STRINGS = YES;
				SWIFT_VERSION = 5.0;
				TARGETED_DEVICE_FAMILY = "1,2";
			};
			name = Debug;
		};
		0EC6AA51298F527F007AF204 /* Release */ = {
			isa = XCBuildConfiguration;
			buildSettings = {
				ASSETCATALOG_COMPILER_APPICON_NAME = AppIcon;
				ASSETCATALOG_COMPILER_GLOBAL_ACCENT_COLOR_NAME = AccentColor;
				CODE_SIGN_STYLE = Automatic;
				CURRENT_PROJECT_VERSION = 1;
				GENERATE_INFOPLIST_FILE = YES;
				INFOPLIST_FILE = "Project 1/Info.plist";
				INFOPLIST_KEY_UIApplicationSupportsIndirectInputEvents = YES;
				INFOPLIST_KEY_UILaunchStoryboardName = LaunchScreen;
				INFOPLIST_KEY_UIMainStoryboardFile = Main;
				INFOPLIST_KEY_UISupportedInterfaceOrientations_iPad = "UIInterfaceOrientationPortrait UIInterfaceOrientationPortraitUpsideDown UIInterfaceOrientationLandscapeLeft UIInterfaceOrientationLandscapeRight";
				INFOPLIST_KEY_UISupportedInterfaceOrientations_iPhone = "UIInterfaceOrientationPortrait UIInterfaceOrientationLandscapeLeft UIInterfaceOrientationLandscapeRight";
				LD_RUNPATH_SEARCH_PATHS = (
					"$(inherited)",
					"@executable_path/Frameworks",
				);
				MARKETING_VERSION = 1.0;
				PRODUCT_BUNDLE_IDENTIFIER = "Projects.Project-1";
				PRODUCT_NAME = "$(TARGET_NAME)";
				SWIFT_EMIT_LOC_STRINGS = YES;
				SWIFT_VERSION = 5.0;
				TARGETED_DEVICE_FAMILY = "1,2";
			};
			name = Release;
		};
		0EC6AA53298F527F007AF204 /* Debug */ = {
			isa = XCBuildConfiguration;
			buildSettings = {
				ALWAYS_EMBED_SWIFT_STANDARD_LIBRARIES = YES;
				BUNDLE_LOADER = "$(TEST_HOST)";
				CODE_SIGN_STYLE = Automatic;
				CURRENT_PROJECT_VERSION = 1;
				GENERATE_INFOPLIST_FILE = YES;
				IPHONEOS_DEPLOYMENT_TARGET = 16.2;
				MARKETING_VERSION = 1.0;
				PRODUCT_BUNDLE_IDENTIFIER = "Projects.Project-1Tests";
				PRODUCT_NAME = "$(TARGET_NAME)";
				SWIFT_EMIT_LOC_STRINGS = NO;
				SWIFT_VERSION = 5.0;
				TARGETED_DEVICE_FAMILY = "1,2";
				TEST_HOST = "$(BUILT_PRODUCTS_DIR)/Project 1.app/$(BUNDLE_EXECUTABLE_FOLDER_PATH)/Project 1";
			};
			name = Debug;
		};
		0EC6AA54298F527F007AF204 /* Release */ = {
			isa = XCBuildConfiguration;
			buildSettings = {
				ALWAYS_EMBED_SWIFT_STANDARD_LIBRARIES = YES;
				BUNDLE_LOADER = "$(TEST_HOST)";
				CODE_SIGN_STYLE = Automatic;
				CURRENT_PROJECT_VERSION = 1;
				GENERATE_INFOPLIST_FILE = YES;
				IPHONEOS_DEPLOYMENT_TARGET = 16.2;
				MARKETING_VERSION = 1.0;
				PRODUCT_BUNDLE_IDENTIFIER = "Projects.Project-1Tests";
				PRODUCT_NAME = "$(TARGET_NAME)";
				SWIFT_EMIT_LOC_STRINGS = NO;
				SWIFT_VERSION = 5.0;
				TARGETED_DEVICE_FAMILY = "1,2";
				TEST_HOST = "$(BUILT_PRODUCTS_DIR)/Project 1.app/$(BUNDLE_EXECUTABLE_FOLDER_PATH)/Project 1";
			};
			name = Release;
		};
		0EC6AA56298F527F007AF204 /* Debug */ = {
			isa = XCBuildConfiguration;
			buildSettings = {
				ALWAYS_EMBED_SWIFT_STANDARD_LIBRARIES = YES;
				CODE_SIGN_STYLE = Automatic;
				CURRENT_PROJECT_VERSION = 1;
				GENERATE_INFOPLIST_FILE = YES;
				MARKETING_VERSION = 1.0;
				PRODUCT_BUNDLE_IDENTIFIER = "Projects.Project-1UITests";
				PRODUCT_NAME = "$(TARGET_NAME)";
				SWIFT_EMIT_LOC_STRINGS = NO;
				SWIFT_VERSION = 5.0;
				TARGETED_DEVICE_FAMILY = "1,2";
				TEST_TARGET_NAME = "Project 1";
			};
			name = Debug;
		};
		0EC6AA57298F527F007AF204 /* Release */ = {
			isa = XCBuildConfiguration;
			buildSettings = {
				ALWAYS_EMBED_SWIFT_STANDARD_LIBRARIES = YES;
				CODE_SIGN_STYLE = Automatic;
				CURRENT_PROJECT_VERSION = 1;
				GENERATE_INFOPLIST_FILE = YES;
				MARKETING_VERSION = 1.0;
				PRODUCT_BUNDLE_IDENTIFIER = "Projects.Project-1UITests";
				PRODUCT_NAME = "$(TARGET_NAME)";
				SWIFT_EMIT_LOC_STRINGS = NO;
				SWIFT_VERSION = 5.0;
				TARGETED_DEVICE_FAMILY = "1,2";
				TEST_TARGET_NAME = "Project 1";
			};
			name = Release;
		};
/* End XCBuildConfiguration section */

/* Begin XCConfigurationList section */
		0EC6AA20298F527B007AF204 /* Build configuration list for PBXProject "Project 1" */ = {
			isa = XCConfigurationList;
			buildConfigurations = (
				0EC6AA4D298F527F007AF204 /* Debug */,
				0EC6AA4E298F527F007AF204 /* Release */,
			);
			defaultConfigurationIsVisible = 0;
			defaultConfigurationName = Release;
		};
		0EC6AA4F298F527F007AF204 /* Build configuration list for PBXNativeTarget "Project 1" */ = {
			isa = XCConfigurationList;
			buildConfigurations = (
				0EC6AA50298F527F007AF204 /* Debug */,
				0EC6AA51298F527F007AF204 /* Release */,
			);
			defaultConfigurationIsVisible = 0;
			defaultConfigurationName = Release;
		};
		0EC6AA52298F527F007AF204 /* Build configuration list for PBXNativeTarget "Project 1Tests" */ = {
			isa = XCConfigurationList;
			buildConfigurations = (
				0EC6AA53298F527F007AF204 /* Debug */,
				0EC6AA54298F527F007AF204 /* Release */,
			);
			defaultConfigurationIsVisible = 0;
			defaultConfigurationName = Release;
		};
		0EC6AA55298F527F007AF204 /* Build configuration list for PBXNativeTarget "Project 1UITests" */ = {
			isa = XCConfigurationList;
			buildConfigurations = (
				0EC6AA56298F527F007AF204 /* Debug */,
				0EC6AA57298F527F007AF204 /* Release */,
			);
			defaultConfigurationIsVisible = 0;
			defaultConfigurationName = Release;
		};
/* End XCConfigurationList section */
	};
	rootObject = 0EC6AA1D298F527B007AF204 /* Project object */;
}
